
Microsoft Visual Studio Solution File, Format Version 12.00
# Visual Studio Version 17
VisualStudioVersion = 17.5.002.0
MinimumVisualStudioVersion = 10.0.40219.1
Project("{9A19103F-16F7-4668-BE54-9A1E7A4F7556}") = "Play.Catalog.Contracts", "Play.Catalog.Contracts.csproj", "{03AECBAA-0B65-43C4-B236-C01BD40AFC7C}"
EndProject
Global
	GlobalSection(SolutionConfigurationPlatforms) = preSolution
		Debug|Any CPU = Debug|Any CPU
		Release|Any CPU = Release|Any CPU
	EndGlobalSection
	GlobalSection(ProjectConfigurationPlatforms) = postSolution
		{03AECBAA-0B65-43C4-B236-C01BD40AFC7C}.Debug|Any CPU.ActiveCfg = Debug|Any CPU
		{03AECBAA-0B65-43C4-B236-C01BD40AFC7C}.Debug|Any CPU.Build.0 = Debug|Any CPU
		{03AECBAA-0B65-43C4-B236-C01BD40AFC7C}.Release|Any CPU.ActiveCfg = Release|Any CPU
		{03AECBAA-0B65-43C4-B236-C01BD40AFC7C}.Release|Any CPU.Build.0 = Release|Any CPU
	EndGlobalSection
	GlobalSection(SolutionProperties) = preSolution
		HideSolutionNode = FALSE
	EndGlobalSection
	GlobalSection(ExtensibilityGlobals) = postSolution
		SolutionGuid = {1A966ADE-6C02-4B0C-889D-EA621CD792D5}
	EndGlobalSection
EndGlobal
